
Microsoft Visual Studio Solution File, Format Version 12.00
# Visual Studio Version 17
VisualStudioVersion = 17.2.32602.215
MinimumVisualStudioVersion = 10.0.40219.1
Project("{2150E333-8FDC-42A3-9474-1A3956D46DE8}") = "FrontEnd", "FrontEnd", "{CA3C102B-C6C8-484F-B201-FDF84CB7C02C}"
EndProject
Project("{2150E333-8FDC-42A3-9474-1A3956D46DE8}") = "Services", "Services", "{258CEADC-E7DA-4C9D-BE54-6B26B3CF9517}"
EndProject
Project("{FAE04EC0-301F-11D3-BF4B-00C04F79EFBC}") = "GeekShopping.Web", "GeekShopping.Web\GeekShopping.Web.csproj", "{C97B4DD0-804A-4C31-8ED3-7D94DE5391EE}"
EndProject
Project("{FAE04EC0-301F-11D3-BF4B-00C04F79EFBC}") = "GeekShopping.ProductApi", "GeekShopping.ProductApi\GeekShopping.ProductApi.csproj", "{A6864B7E-9B7D-4226-AA33-068EB0F8904F}"
EndProject
Global
	GlobalSection(SolutionConfigurationPlatforms) = preSolution
		Debug|Any CPU = Debug|Any CPU
		Release|Any CPU = Release|Any CPU
	EndGlobalSection
	GlobalSection(ProjectConfigurationPlatforms) = postSolution
		{C97B4DD0-804A-4C31-8ED3-7D94DE5391EE}.Debug|Any CPU.ActiveCfg = Debug|Any CPU
		{C97B4DD0-804A-4C31-8ED3-7D94DE5391EE}.Debug|Any CPU.Build.0 = Debug|Any CPU
		{C97B4DD0-804A-4C31-8ED3-7D94DE5391EE}.Release|Any CPU.ActiveCfg = Release|Any CPU
		{C97B4DD0-804A-4C31-8ED3-7D94DE5391EE}.Release|Any CPU.Build.0 = Release|Any CPU
		{A6864B7E-9B7D-4226-AA33-068EB0F8904F}.Debug|Any CPU.ActiveCfg = Debug|Any CPU
		{A6864B7E-9B7D-4226-AA33-068EB0F8904F}.Debug|Any CPU.Build.0 = Debug|Any CPU
		{A6864B7E-9B7D-4226-AA33-068EB0F8904F}.Release|Any CPU.ActiveCfg = Release|Any CPU
		{A6864B7E-9B7D-4226-AA33-068EB0F8904F}.Release|Any CPU.Build.0 = Release|Any CPU
	EndGlobalSection
	GlobalSection(SolutionProperties) = preSolution
		HideSolutionNode = FALSE
	EndGlobalSection
	GlobalSection(NestedProjects) = preSolution
		{C97B4DD0-804A-4C31-8ED3-7D94DE5391EE} = {CA3C102B-C6C8-484F-B201-FDF84CB7C02C}
		{A6864B7E-9B7D-4226-AA33-068EB0F8904F} = {258CEADC-E7DA-4C9D-BE54-6B26B3CF9517}
	EndGlobalSection
	GlobalSection(ExtensibilityGlobals) = postSolution
		SolutionGuid = {3C791AFE-3471-4426-BC69-98EC1E5E1383}
	EndGlobalSection
EndGlobal
